
Microsoft Visual Studio Solution File, Format Version 12.00
# Visual Studio Version 16
VisualStudioVersion = 16.0.810.8
MinimumVisualStudioVersion = 10.0.40219.1
Project("{FAE04EC0-301F-11D3-BF4B-00C04F79EFBC}") = "hotel_management_final_project", "hotel_management_final_project\hotel_management_final_project.csproj", "{214FC4FA-40A5-40AE-A779-D3349AC09FE8}"
EndProject
Global
	GlobalSection(SolutionConfigurationPlatforms) = preSolution
		Debug|Any CPU = Debug|Any CPU
		Release|Any CPU = Release|Any CPU
	EndGlobalSection
	GlobalSection(ProjectConfigurationPlatforms) = postSolution
		{214FC4FA-40A5-40AE-A779-D3349AC09FE8}.Debug|Any CPU.ActiveCfg = Debug|Any CPU
		{214FC4FA-40A5-40AE-A779-D3349AC09FE8}.Debug|Any CPU.Build.0 = Debug|Any CPU
		{214FC4FA-40A5-40AE-A779-D3349AC09FE8}.Release|Any CPU.ActiveCfg = Release|Any CPU
		{214FC4FA-40A5-40AE-A779-D3349AC09FE8}.Release|Any CPU.Build.0 = Release|Any CPU
	EndGlobalSection
	GlobalSection(SolutionProperties) = preSolution
		HideSolutionNode = FALSE
	EndGlobalSection
	GlobalSection(ExtensibilityGlobals) = postSolution
		SolutionGuid = {2DECBFB8-A877-4028-994C-8EE49A15BF9D}
	EndGlobalSection
EndGlobal
